// !$*UTF8*$!
{
	archiveVersion = 1;
	classes = {
	};
	objectVersion = 56;
	objects = {

/* Begin PBXBuildFile section */
		93FBA8FC5DC95CCFB70EBD62 /* ContentView.swift in Sources */ = {isa = PBXBuildFile; fileRef = B3ECE79E6D115D6998B629B4 /* ContentView.swift */; };
		3B820A858DC35325A3CB037C /* DemoSample.swift in Sources */ = {isa = PBXBuildFile; fileRef = 5B125E60C2C25F0B80767EFE /* DemoSample.swift */; };
		4B13DE89D88B55E092829BED /* DemoViewModel.swift in Sources */ = {isa = PBXBuildFile; fileRef = 188363F59578584083A62A0B /* DemoViewModel.swift */; };
		888FDB44DF885E5B9BFE920F /* DocumentDetailView.swift in Sources */ = {isa = PBXBuildFile; fileRef = A8EF366F9F4853CDBB3A3651 /* DocumentDetailView.swift */; };
		4D6F8A9102CB53C39E5C1428 /* EmptyStateView.swift in Sources */ = {isa = PBXBuildFile; fileRef = 9ED9BD7F63CD54FA8F31666A /* EmptyStateView.swift */; };
		0FC57F8D223E54639E016CD3 /* ExtractedTextDocument+Demo.swift in Sources */ = {isa = PBXBuildFile; fileRef = D76647E6B0A356E1A0385520 /* ExtractedTextDocument+Demo.swift */; };
		204F449D6C1D5A2395471C2F /* SupportedContentTypes.swift in Sources */ = {isa = PBXBuildFile; fileRef = 8D434DA461B55EDF91D866CF /* SupportedContentTypes.swift */; };
		4CA7220A6BB55E22B14F8B76 /* TextExtractorDemoApp.swift in Sources */ = {isa = PBXBuildFile; fileRef = C60BC550C2EF5EFFBE534B74 /* TextExtractorDemoApp.swift */; };
		5F0846A2C0CE5E688866CE71 /* TextExtractor in Frameworks */ = {isa = PBXBuildFile; productRef = 84CAB85A4D6058F1A464F919 /* TextExtractor */; };
/* End PBXBuildFile section */

/* Begin PBXFileReference section */
		E0147CB482FD5AE6A75EAFEE /* TextExtractorDemo.app */ = {isa = PBXFileReference; explicitFileType = wrapper.application; includeInIndex = 0; path = "TextExtractorDemo.app"; sourceTree = BUILT_PRODUCTS_DIR; };
		0408D6FFE446546685427F8B /* TextExtractorDemo.entitlements */ = {isa = PBXFileReference; lastKnownFileType = text.plist.entitlements; path = "TextExtractorDemo.entitlements"; sourceTree = "<group>"; };
		B3ECE79E6D115D6998B629B4 /* ContentView.swift */ = {isa = PBXFileReference; lastKnownFileType = sourcecode.swift; path = "ContentView.swift"; sourceTree = "<group>"; };
		5B125E60C2C25F0B80767EFE /* DemoSample.swift */ = {isa = PBXFileReference; lastKnownFileType = sourcecode.swift; path = "DemoSample.swift"; sourceTree = "<group>"; };
		188363F59578584083A62A0B /* DemoViewModel.swift */ = {isa = PBXFileReference; lastKnownFileType = sourcecode.swift; path = "DemoViewModel.swift"; sourceTree = "<group>"; };
		A8EF366F9F4853CDBB3A3651 /* DocumentDetailView.swift */ = {isa = PBXFileReference; lastKnownFileType = sourcecode.swift; path = "DocumentDetailView.swift"; sourceTree = "<group>"; };
		9ED9BD7F63CD54FA8F31666A /* EmptyStateView.swift */ = {isa = PBXFileReference; lastKnownFileType = sourcecode.swift; path = "EmptyStateView.swift"; sourceTree = "<group>"; };
		D76647E6B0A356E1A0385520 /* ExtractedTextDocument+Demo.swift */ = {isa = PBXFileReference; lastKnownFileType = sourcecode.swift; path = "ExtractedTextDocument+Demo.swift"; sourceTree = "<group>"; };
		8D434DA461B55EDF91D866CF /* SupportedContentTypes.swift */ = {isa = PBXFileReference; lastKnownFileType = sourcecode.swift; path = "SupportedContentTypes.swift"; sourceTree = "<group>"; };
		C60BC550C2EF5EFFBE534B74 /* TextExtractorDemoApp.swift */ = {isa = PBXFileReference; lastKnownFileType = sourcecode.swift; path = "TextExtractorDemoApp.swift"; sourceTree = "<group>"; };
/* End PBXFileReference section */

/* Begin PBXFrameworksBuildPhase section */
		5E838F3D741C55D2846A00DF /* Frameworks */ = {
			isa = PBXFrameworksBuildPhase;
			buildActionMask = 2147483647;
			files = (
				5F0846A2C0CE5E688866CE71 /* TextExtractor in Frameworks */,
			);
			runOnlyForDeploymentPostprocessing = 0;
		};
/* End PBXFrameworksBuildPhase section */

/* Begin PBXGroup section */
		2BA6E0920DBB58EAA35E5FE8 = {
			isa = PBXGroup;
			children = (
				6C43FBE722A75F54B01C6D66 /* Sources/TextExtractorDemo */,
				0408D6FFE446546685427F8B /* TextExtractorDemo.entitlements */,
				93B4FB27832D52C48B9F0C42 /* Products */,
			);
			sourceTree = "<group>";
		};
		93B4FB27832D52C48B9F0C42 /* Products */ = {
			isa = PBXGroup;
			children = (
				E0147CB482FD5AE6A75EAFEE /* TextExtractorDemo.app */,
			);
			name = Products;
			sourceTree = "<group>";
		};
		6C43FBE722A75F54B01C6D66 /* Sources/TextExtractorDemo */ = {
			isa = PBXGroup;
			children = (
				B3ECE79E6D115D6998B629B4 /* ContentView.swift */,
				5B125E60C2C25F0B80767EFE /* DemoSample.swift */,
				188363F59578584083A62A0B /* DemoViewModel.swift */,
				A8EF366F9F4853CDBB3A3651 /* DocumentDetailView.swift */,
				9ED9BD7F63CD54FA8F31666A /* EmptyStateView.swift */,
				D76647E6B0A356E1A0385520 /* ExtractedTextDocument+Demo.swift */,
				8D434DA461B55EDF91D866CF /* SupportedContentTypes.swift */,
				C60BC550C2EF5EFFBE534B74 /* TextExtractorDemoApp.swift */,
			);
			path = "Sources/TextExtractorDemo";
			sourceTree = "<group>";
		};
/* End PBXGroup section */

/* Begin PBXNativeTarget section */
		A8855DED0F3E5F7B83EBC556 /* TextExtractorDemo */ = {
			isa = PBXNativeTarget;
			buildConfigurationList = 462F1B472EA7585E8FF0AD7B /* Build configuration list for PBXNativeTarget "TextExtractorDemo" */;
			buildPhases = (
				58E8E6A3AA1C549BA232CA21 /* Sources */,
				5E838F3D741C55D2846A00DF /* Frameworks */,
				69D2E9A728F85D7A8E52BE38 /* Resources */,
			);
			buildRules = (
			);
			dependencies = (
			);
			name = TextExtractorDemo;
			packageProductDependencies = (
				84CAB85A4D6058F1A464F919 /* TextExtractor */,
			);
			productName = TextExtractorDemo;
			productReference = E0147CB482FD5AE6A75EAFEE /* TextExtractorDemo.app */;
			productType = "com.apple.product-type.application";
		};
/* End PBXNativeTarget section */

/* Begin PBXProject section */
		B739AB846B7254EBA82CF33E /* Project object */ = {
			isa = PBXProject;
			attributes = {
				BuildIndependentTargetsInParallel = 1;
				LastSwiftUpdateCheck = 1600;
				LastUpgradeCheck = 1600;
				TargetAttributes = {
					A8855DED0F3E5F7B83EBC556 = {
						CreatedOnToolsVersion = 16.0;
					};
				};
			};
			buildConfigurationList = CE37438C8D42541BAFDF8E6D /* Build configuration list for PBXProject "TextExtractorDemo" */;
			compatibilityVersion = "Xcode 14.0";
			developmentRegion = en;
			hasScannedForEncodings = 0;
			knownRegions = (
				en,
				Base,
			);
			mainGroup = 2BA6E0920DBB58EAA35E5FE8;
			packageReferences = (
				0BD41C6BCC225BD79B8EDF0E /* XCLocalSwiftPackageReference "../.." */,
			);
			productRefGroup = 93B4FB27832D52C48B9F0C42 /* Products */;
			projectDirPath = "";
			projectRoot = "";
			targets = (
				A8855DED0F3E5F7B83EBC556 /* TextExtractorDemo */,
			);
		};
/* End PBXProject section */

/* Begin PBXResourcesBuildPhase section */
		69D2E9A728F85D7A8E52BE38 /* Resources */ = {
			isa = PBXResourcesBuildPhase;
			buildActionMask = 2147483647;
			files = (
			);
			runOnlyForDeploymentPostprocessing = 0;
		};
/* End PBXResourcesBuildPhase section */

/* Begin PBXSourcesBuildPhase section */
		58E8E6A3AA1C549BA232CA21 /* Sources */ = {
			isa = PBXSourcesBuildPhase;
			buildActionMask = 2147483647;
			files = (
				93FBA8FC5DC95CCFB70EBD62 /* ContentView.swift in Sources */,
				3B820A858DC35325A3CB037C /* DemoSample.swift in Sources */,
				4B13DE89D88B55E092829BED /* DemoViewModel.swift in Sources */,
				888FDB44DF885E5B9BFE920F /* DocumentDetailView.swift in Sources */,
				4D6F8A9102CB53C39E5C1428 /* EmptyStateView.swift in Sources */,
				0FC57F8D223E54639E016CD3 /* ExtractedTextDocument+Demo.swift in Sources */,
				204F449D6C1D5A2395471C2F /* SupportedContentTypes.swift in Sources */,
				4CA7220A6BB55E22B14F8B76 /* TextExtractorDemoApp.swift in Sources */,
			);
			runOnlyForDeploymentPostprocessing = 0;
		};
/* End PBXSourcesBuildPhase section */

/* Begin XCBuildConfiguration section */
		3C5B9A07AB8957B09C6774C9 /* Debug */ = {
			isa = XCBuildConfiguration;
			buildSettings = {
				ALWAYS_SEARCH_USER_PATHS = NO;
				CLANG_ANALYZER_NONNULL = YES;
				CLANG_ANALYZER_NUMBER_OBJECT_CONVERSION = YES_AGGRESSIVE;
				CLANG_CXX_LANGUAGE_STANDARD = "gnu++20";
				CLANG_ENABLE_MODULES = YES;
				CLANG_ENABLE_OBJC_ARC = YES;
				CLANG_ENABLE_OBJC_WEAK = YES;
				CLANG_WARN_BLOCK_CAPTURE_AUTORELEASING = YES;
				CLANG_WARN_BOOL_CONVERSION = YES;
				CLANG_WARN_COMMA = YES;
				CLANG_WARN_CONSTANT_CONVERSION = YES;
				CLANG_WARN_DEPRECATED_OBJC_IMPLEMENTATIONS = YES;
				CLANG_WARN_DIRECT_OBJC_ISA_USAGE = YES_ERROR;
				CLANG_WARN_DOCUMENTATION_COMMENTS = YES;
				CLANG_WARN_EMPTY_BODY = YES;
				CLANG_WARN_ENUM_CONVERSION = YES;
				CLANG_WARN_INFINITE_RECURSION = YES;
				CLANG_WARN_INT_CONVERSION = YES;
				CLANG_WARN_NON_LITERAL_NULL_CONVERSION = YES;
				CLANG_WARN_OBJC_IMPLICIT_RETAIN_SELF = YES;
				CLANG_WARN_OBJC_LITERAL_CONVERSION = YES;
				CLANG_WARN_OBJC_ROOT_CLASS = YES_ERROR;
				CLANG_WARN_QUOTED_INCLUDE_IN_FRAMEWORK_HEADER = YES;
				CLANG_WARN_RANGE_LOOP_ANALYSIS = YES;
				CLANG_WARN_STRICT_PROTOTYPES = YES;
				CLANG_WARN_SUSPICIOUS_MOVE = YES;
				CLANG_WARN_UNGUARDED_AVAILABILITY = YES_AGGRESSIVE;
				CLANG_WARN_UNREACHABLE_CODE = YES;
				CLANG_WARN__DUPLICATE_METHOD_MATCH = YES;
				COPY_PHASE_STRIP = NO;
				DEBUG_INFORMATION_FORMAT = dwarf;
				ENABLE_STRICT_OBJC_MSGSEND = YES;
				ENABLE_TESTABILITY = YES;
				GCC_C_LANGUAGE_STANDARD = gnu17;
				GCC_DYNAMIC_NO_PIC = NO;
				GCC_NO_COMMON_BLOCKS = YES;
				GCC_OPTIMIZATION_LEVEL = 0;
				GCC_PREPROCESSOR_DEFINITIONS = (
					"DEBUG=1",
					"$(inherited)",
				);
				GCC_WARN_64_TO_32_BIT_CONVERSION = YES;
				GCC_WARN_ABOUT_RETURN_TYPE = YES_ERROR;
				GCC_WARN_UNDECLARED_SELECTOR = YES;
				GCC_WARN_UNINITIALIZED_AUTOS = YES_AGGRESSIVE;
				GCC_WARN_UNUSED_FUNCTION = YES;
				GCC_WARN_UNUSED_VARIABLE = YES;
				MACOSX_DEPLOYMENT_TARGET = 13.0;
				MTL_ENABLE_DEBUG_INFO = INCLUDE_SOURCE;
				MTL_FAST_MATH = YES;
				ONLY_ACTIVE_ARCH = YES;
				SDKROOT = macosx;
				SWIFT_ACTIVE_COMPILATION_CONDITIONS = DEBUG;
				SWIFT_OPTIMIZATION_LEVEL = "-Onone";
			};
			name = Debug;
		};
		940E8F4CCC7A580BA796A612 /* Release */ = {
			isa = XCBuildConfiguration;
			buildSettings = {
				ALWAYS_SEARCH_USER_PATHS = NO;
				CLANG_ANALYZER_NONNULL = YES;
				CLANG_ANALYZER_NUMBER_OBJECT_CONVERSION = YES_AGGRESSIVE;
				CLANG_CXX_LANGUAGE_STANDARD = "gnu++20";
				CLANG_ENABLE_MODULES = YES;
				CLANG_ENABLE_OBJC_ARC = YES;
				CLANG_ENABLE_OBJC_WEAK = YES;
				CLANG_WARN_BLOCK_CAPTURE_AUTORELEASING = YES;
				CLANG_WARN_BOOL_CONVERSION = YES;
				CLANG_WARN_COMMA = YES;
				CLANG_WARN_CONSTANT_CONVERSION = YES;
				CLANG_WARN_DEPRECATED_OBJC_IMPLEMENTATIONS = YES;
				CLANG_WARN_DIRECT_OBJC_ISA_USAGE = YES_ERROR;
				CLANG_WARN_DOCUMENTATION_COMMENTS = YES;
				CLANG_WARN_EMPTY_BODY = YES;
				CLANG_WARN_ENUM_CONVERSION = YES;
				CLANG_WARN_INFINITE_RECURSION = YES;
				CLANG_WARN_INT_CONVERSION = YES;
				CLANG_WARN_NON_LITERAL_NULL_CONVERSION = YES;
				CLANG_WARN_OBJC_IMPLICIT_RETAIN_SELF = YES;
				CLANG_WARN_OBJC_LITERAL_CONVERSION = YES;
				CLANG_WARN_OBJC_ROOT_CLASS = YES_ERROR;
				CLANG_WARN_QUOTED_INCLUDE_IN_FRAMEWORK_HEADER = YES;
				CLANG_WARN_RANGE_LOOP_ANALYSIS = YES;
				CLANG_WARN_STRICT_PROTOTYPES = YES;
				CLANG_WARN_SUSPICIOUS_MOVE = YES;
				CLANG_WARN_UNGUARDED_AVAILABILITY = YES_AGGRESSIVE;
				CLANG_WARN_UNREACHABLE_CODE = YES;
				CLANG_WARN__DUPLICATE_METHOD_MATCH = YES;
				COPY_PHASE_STRIP = NO;
				DEBUG_INFORMATION_FORMAT = "dwarf-with-dsym";
				ENABLE_NS_ASSERTIONS = NO;
				ENABLE_STRICT_OBJC_MSGSEND = YES;
				GCC_C_LANGUAGE_STANDARD = gnu17;
				GCC_NO_COMMON_BLOCKS = YES;
				GCC_WARN_64_TO_32_BIT_CONVERSION = YES;
				GCC_WARN_ABOUT_RETURN_TYPE = YES_ERROR;
				GCC_WARN_UNDECLARED_SELECTOR = YES;
				GCC_WARN_UNINITIALIZED_AUTOS = YES_AGGRESSIVE;
				GCC_WARN_UNUSED_FUNCTION = YES;
				GCC_WARN_UNUSED_VARIABLE = YES;
				MACOSX_DEPLOYMENT_TARGET = 13.0;
				MTL_ENABLE_DEBUG_INFO = NO;
				MTL_FAST_MATH = YES;
				SDKROOT = macosx;
				SWIFT_COMPILATION_MODE = wholemodule;
			};
			name = Release;
		};
		81FE8223B9CA5191BDF9F010 /* Debug */ = {
			isa = XCBuildConfiguration;
			buildSettings = {
				CODE_SIGN_ENTITLEMENTS = TextExtractorDemo.entitlements;
				CODE_SIGN_STYLE = Automatic;
				COMBINE_HIDPI_IMAGES = YES;
				CURRENT_PROJECT_VERSION = 1;
				DEVELOPMENT_ASSET_PATHS = "";
				ENABLE_HARDENED_RUNTIME = YES;
				ENABLE_PREVIEWS = YES;
				GENERATE_INFOPLIST_FILE = YES;
				INFOPLIST_KEY_CFBundleDisplayName = TextExtractorDemo;
				INFOPLIST_KEY_LSApplicationCategoryType = "public.app-category.developer-tools";
				INFOPLIST_KEY_NSHumanReadableCopyright = "";
				LD_RUNPATH_SEARCH_PATHS = (
					"$(inherited)",
					"@executable_path/../Frameworks",
				);
				MACOSX_DEPLOYMENT_TARGET = 13.0;
				MARKETING_VERSION = 1.0;
				PRODUCT_BUNDLE_IDENTIFIER = dev.byby.TextExtractorDemo;
				PRODUCT_NAME = "$(TARGET_NAME)";
				SDKROOT = macosx;
				SWIFT_EMIT_LOC_STRINGS = YES;
				SWIFT_VERSION = 5.0;
			};
			name = Debug;
		};
		18D469E2284553CA8EF84624 /* Release */ = {
			isa = XCBuildConfiguration;
			buildSettings = {
				CODE_SIGN_ENTITLEMENTS = TextExtractorDemo.entitlements;
				CODE_SIGN_STYLE = Automatic;
				COMBINE_HIDPI_IMAGES = YES;
				CURRENT_PROJECT_VERSION = 1;
				DEVELOPMENT_ASSET_PATHS = "";
				ENABLE_HARDENED_RUNTIME = YES;
				ENABLE_PREVIEWS = YES;
				GENERATE_INFOPLIST_FILE = YES;
				INFOPLIST_KEY_CFBundleDisplayName = TextExtractorDemo;
				INFOPLIST_KEY_LSApplicationCategoryType = "public.app-category.developer-tools";
				INFOPLIST_KEY_NSHumanReadableCopyright = "";
				LD_RUNPATH_SEARCH_PATHS = (
					"$(inherited)",
					"@executable_path/../Frameworks",
				);
				MACOSX_DEPLOYMENT_TARGET = 13.0;
				MARKETING_VERSION = 1.0;
				PRODUCT_BUNDLE_IDENTIFIER = dev.byby.TextExtractorDemo;
				PRODUCT_NAME = "$(TARGET_NAME)";
				SDKROOT = macosx;
				SWIFT_EMIT_LOC_STRINGS = YES;
				SWIFT_VERSION = 5.0;
			};
			name = Release;
		};
/* End XCBuildConfiguration section */

/* Begin XCConfigurationList section */
		CE37438C8D42541BAFDF8E6D /* Build configuration list for PBXProject "TextExtractorDemo" */ = {
			isa = XCConfigurationList;
			buildConfigurations = (
				3C5B9A07AB8957B09C6774C9 /* Debug */,
				940E8F4CCC7A580BA796A612 /* Release */,
			);
			defaultConfigurationIsVisible = 0;
			defaultConfigurationName = Release;
		};
		462F1B472EA7585E8FF0AD7B /* Build configuration list for PBXNativeTarget "TextExtractorDemo" */ = {
			isa = XCConfigurationList;
			buildConfigurations = (
				81FE8223B9CA5191BDF9F010 /* Debug */,
				18D469E2284553CA8EF84624 /* Release */,
			);
			defaultConfigurationIsVisible = 0;
			defaultConfigurationName = Release;
		};
/* End XCConfigurationList section */

/* Begin XCLocalSwiftPackageReference section */
		0BD41C6BCC225BD79B8EDF0E /* XCLocalSwiftPackageReference "../.." */ = {
			isa = XCLocalSwiftPackageReference;
			relativePath = "../..";
		};
/* End XCLocalSwiftPackageReference section */

/* Begin XCSwiftPackageProductDependency section */
		84CAB85A4D6058F1A464F919 /* TextExtractor */ = {
			isa = XCSwiftPackageProductDependency;
			package = 0BD41C6BCC225BD79B8EDF0E /* XCLocalSwiftPackageReference "../.." */;
			productName = TextExtractor;
		};
/* End XCSwiftPackageProductDependency section */
	};
	rootObject = B739AB846B7254EBA82CF33E /* Project object */;
}
